
Microsoft Visual Studio Solution File, Format Version 12.00
# Visual Studio 15
VisualStudioVersion = 15.0.28307.705
MinimumVisualStudioVersion = 10.0.40219.1
Project("{FAE04EC0-301F-11D3-BF4B-00C04F79EFBC}") = "OctreeQuantization", "OctreeQuantization\OctreeQuantization.csproj", "{F791198B-95EF-4B38-9EE6-B2115EE798BC}"
EndProject
Global
	GlobalSection(SolutionConfigurationPlatforms) = preSolution
		Debug|Any CPU = Debug|Any CPU
		Release|Any CPU = Release|Any CPU
	EndGlobalSection
	GlobalSection(ProjectConfigurationPlatforms) = postSolution
		{F791198B-95EF-4B38-9EE6-B2115EE798BC}.Debug|Any CPU.ActiveCfg = Debug|Any CPU
		{F791198B-95EF-4B38-9EE6-B2115EE798BC}.Debug|Any CPU.Build.0 = Debug|Any CPU
		{F791198B-95EF-4B38-9EE6-B2115EE798BC}.Release|Any CPU.ActiveCfg = Release|Any CPU
		{F791198B-95EF-4B38-9EE6-B2115EE798BC}.Release|Any CPU.Build.0 = Release|Any CPU
	EndGlobalSection
	GlobalSection(SolutionProperties) = preSolution
		HideSolutionNode = FALSE
	EndGlobalSection
	GlobalSection(ExtensibilityGlobals) = postSolution
		SolutionGuid = {F207494A-2256-4919-B045-9D9134713FC9}
	EndGlobalSection
EndGlobal
